// !$*UTF8*$!
{
	archiveVersion = 1;
	classes = {
	};
	objectVersion = 56;
	objects = {

/* Begin PBXBuildFile section */
		C0338F292C29E5B500FCA1C0 /* MovieApp.swift in Sources */ = {isa = PBXBuildFile; fileRef = C0338F282C29E5B500FCA1C0 /* MovieApp.swift */; };
		C0338F2B2C29E5B500FCA1C0 /* MainView.swift in Sources */ = {isa = PBXBuildFile; fileRef = C0338F2A2C29E5B500FCA1C0 /* MainView.swift */; };
		C0338F2D2C29E5B700FCA1C0 /* Assets.xcassets in Resources */ = {isa = PBXBuildFile; fileRef = C0338F2C2C29E5B700FCA1C0 /* Assets.xcassets */; };
		C0338F302C29E5B700FCA1C0 /* Preview Assets.xcassets in Resources */ = {isa = PBXBuildFile; fileRef = C0338F2F2C29E5B700FCA1C0 /* Preview Assets.xcassets */; };
		C04758FF2C31A65D006435D7 /* TrailerDetailedView.swift in Sources */ = {isa = PBXBuildFile; fileRef = C04758FE2C31A65D006435D7 /* TrailerDetailedView.swift */; };
		C04B56922C336D4900C88CDF /* Test.swift in Sources */ = {isa = PBXBuildFile; fileRef = C04B56912C336D4900C88CDF /* Test.swift */; };
		C06BA44D2C31B57400D285D0 /* VideoPlayer.swift in Sources */ = {isa = PBXBuildFile; fileRef = C06BA44C2C31B57400D285D0 /* VideoPlayer.swift */; };
		C06BA44F2C31B5BE00D285D0 /* TrailerPlayerView.swift in Sources */ = {isa = PBXBuildFile; fileRef = C06BA44E2C31B5BE00D285D0 /* TrailerPlayerView.swift */; };
		C06BA4622C323C4F00D285D0 /* CinemaAnnotition.swift in Sources */ = {isa = PBXBuildFile; fileRef = C06BA4612C323C4F00D285D0 /* CinemaAnnotition.swift */; };
		C06E29532C30BF0800E7D73B /* MovieDetailedView.swift in Sources */ = {isa = PBXBuildFile; fileRef = C06E29522C30BF0800E7D73B /* MovieDetailedView.swift */; };
		C09B38D92C2B0AFE0004444A /* movies.json in Resources */ = {isa = PBXBuildFile; fileRef = C09B38D52C2B0AFE0004444A /* movies.json */; };
		C09B38DA2C2B0AFE0004444A /* trailers.json in Resources */ = {isa = PBXBuildFile; fileRef = C09B38D62C2B0AFE0004444A /* trailers.json */; };
		C09B38DB2C2B0AFE0004444A /* locations.json in Resources */ = {isa = PBXBuildFile; fileRef = C09B38D72C2B0AFE0004444A /* locations.json */; };
		C09B38DC2C2B0AFE0004444A /* covers.json in Resources */ = {isa = PBXBuildFile; fileRef = C09B38D82C2B0AFE0004444A /* covers.json */; };
		C09B38DF2C2B15970004444A /* MovieView.swift in Sources */ = {isa = PBXBuildFile; fileRef = C09B38DE2C2B15970004444A /* MovieView.swift */; };
		C09B38E12C2B15BD0004444A /* TrailerView.swift in Sources */ = {isa = PBXBuildFile; fileRef = C09B38E02C2B15BD0004444A /* TrailerView.swift */; };
		C09B38E32C2B15D20004444A /* MapView.swift in Sources */ = {isa = PBXBuildFile; fileRef = C09B38E22C2B15D20004444A /* MapView.swift */; };
		C09B38E52C2B15FD0004444A /* GalleryView.swift in Sources */ = {isa = PBXBuildFile; fileRef = C09B38E42C2B15FD0004444A /* GalleryView.swift */; };
		C09B38E72C2B1EB20004444A /* CoverView.swift in Sources */ = {isa = PBXBuildFile; fileRef = C09B38E62C2B1EB20004444A /* CoverView.swift */; };
		C09B38EA2C2B24D30004444A /* CoverModle.swift in Sources */ = {isa = PBXBuildFile; fileRef = C09B38E92C2B24D30004444A /* CoverModle.swift */; };
		C09B38ED2C2B25490004444A /* Decoder.swift in Sources */ = {isa = PBXBuildFile; fileRef = C09B38EC2C2B25490004444A /* Decoder.swift */; };
		C09B38EF2C2B836C0004444A /* MovieModle.swift in Sources */ = {isa = PBXBuildFile; fileRef = C09B38EE2C2B836C0004444A /* MovieModle.swift */; };
		C09B38F12C2B84B00004444A /* LocationModle.swift in Sources */ = {isa = PBXBuildFile; fileRef = C09B38F02C2B84B00004444A /* LocationModle.swift */; };
		C09B38F32C2B84CE0004444A /* TrailerModle.swift in Sources */ = {isa = PBXBuildFile; fileRef = C09B38F22C2B84CE0004444A /* TrailerModle.swift */; };
		C09B38F52C2B88D50004444A /* TrailerCellView.swift in Sources */ = {isa = PBXBuildFile; fileRef = C09B38F42C2B88D50004444A /* TrailerCellView.swift */; };
		C09C88682C2BB7230079BCB6 /* MovieCellView.swift in Sources */ = {isa = PBXBuildFile; fileRef = C09C88672C2BB7230079BCB6 /* MovieCellView.swift */; };
		C0C48BD92C3304EE00F817EA /* Gallery.json in Resources */ = {isa = PBXBuildFile; fileRef = C0C48BD82C3304EE00F817EA /* Gallery.json */; };
		C0C48BDB2C3306A600F817EA /* GalleryModle.swift in Sources */ = {isa = PBXBuildFile; fileRef = C0C48BDA2C3306A600F817EA /* GalleryModle.swift */; };
/* End PBXBuildFile section */

/* Begin PBXFileReference section */
		C0338F252C29E5B500FCA1C0 /* Movie.app */ = {isa = PBXFileReference; explicitFileType = wrapper.application; includeInIndex = 0; path = Movie.app; sourceTree = BUILT_PRODUCTS_DIR; };
		C0338F282C29E5B500FCA1C0 /* MovieApp.swift */ = {isa = PBXFileReference; lastKnownFileType = sourcecode.swift; path = MovieApp.swift; sourceTree = "<group>"; };
		C0338F2A2C29E5B500FCA1C0 /* MainView.swift */ = {isa = PBXFileReference; lastKnownFileType = sourcecode.swift; path = MainView.swift; sourceTree = "<group>"; };
		C0338F2C2C29E5B700FCA1C0 /* Assets.xcassets */ = {isa = PBXFileReference; lastKnownFileType = folder.assetcatalog; path = Assets.xcassets; sourceTree = "<group>"; };
		C0338F2F2C29E5B700FCA1C0 /* Preview Assets.xcassets */ = {isa = PBXFileReference; lastKnownFileType = folder.assetcatalog; path = "Preview Assets.xcassets"; sourceTree = "<group>"; };
		C04758FE2C31A65D006435D7 /* TrailerDetailedView.swift */ = {isa = PBXFileReference; lastKnownFileType = sourcecode.swift; path = TrailerDetailedView.swift; sourceTree = "<group>"; };
		C04B56912C336D4900C88CDF /* Test.swift */ = {isa = PBXFileReference; lastKnownFileType = sourcecode.swift; path = Test.swift; sourceTree = "<group>"; };
		C06BA44C2C31B57400D285D0 /* VideoPlayer.swift */ = {isa = PBXFileReference; lastKnownFileType = sourcecode.swift; path = VideoPlayer.swift; sourceTree = "<group>"; };
		C06BA44E2C31B5BE00D285D0 /* TrailerPlayerView.swift */ = {isa = PBXFileReference; lastKnownFileType = sourcecode.swift; path = TrailerPlayerView.swift; sourceTree = "<group>"; };
		C06BA4612C323C4F00D285D0 /* CinemaAnnotition.swift */ = {isa = PBXFileReference; lastKnownFileType = sourcecode.swift; path = CinemaAnnotition.swift; sourceTree = "<group>"; };
		C06E29522C30BF0800E7D73B /* MovieDetailedView.swift */ = {isa = PBXFileReference; lastKnownFileType = sourcecode.swift; path = MovieDetailedView.swift; sourceTree = "<group>"; };
		C09B38D52C2B0AFE0004444A /* movies.json */ = {isa = PBXFileReference; fileEncoding = 4; lastKnownFileType = text.json; path = movies.json; sourceTree = "<group>"; };
		C09B38D62C2B0AFE0004444A /* trailers.json */ = {isa = PBXFileReference; fileEncoding = 4; lastKnownFileType = text.json; path = trailers.json; sourceTree = "<group>"; };
		C09B38D72C2B0AFE0004444A /* locations.json */ = {isa = PBXFileReference; fileEncoding = 4; lastKnownFileType = text.json; path = locations.json; sourceTree = "<group>"; };
		C09B38D82C2B0AFE0004444A /* covers.json */ = {isa = PBXFileReference; fileEncoding = 4; lastKnownFileType = text.json; path = covers.json; sourceTree = "<group>"; };
		C09B38DE2C2B15970004444A /* MovieView.swift */ = {isa = PBXFileReference; lastKnownFileType = sourcecode.swift; path = MovieView.swift; sourceTree = "<group>"; };
		C09B38E02C2B15BD0004444A /* TrailerView.swift */ = {isa = PBXFileReference; lastKnownFileType = sourcecode.swift; path = TrailerView.swift; sourceTree = "<group>"; };
		C09B38E22C2B15D20004444A /* MapView.swift */ = {isa = PBXFileReference; lastKnownFileType = sourcecode.swift; path = MapView.swift; sourceTree = "<group>"; };
		C09B38E42C2B15FD0004444A /* GalleryView.swift */ = {isa = PBXFileReference; lastKnownFileType = sourcecode.swift; path = GalleryView.swift; sourceTree = "<group>"; };
		C09B38E62C2B1EB20004444A /* CoverView.swift */ = {isa = PBXFileReference; lastKnownFileType = sourcecode.swift; path = CoverView.swift; sourceTree = "<group>"; };
		C09B38E92C2B24D30004444A /* CoverModle.swift */ = {isa = PBXFileReference; lastKnownFileType = sourcecode.swift; path = CoverModle.swift; sourceTree = "<group>"; };
		C09B38EC2C2B25490004444A /* Decoder.swift */ = {isa = PBXFileReference; lastKnownFileType = sourcecode.swift; path = Decoder.swift; sourceTree = "<group>"; };
		C09B38EE2C2B836C0004444A /* MovieModle.swift */ = {isa = PBXFileReference; lastKnownFileType = sourcecode.swift; path = MovieModle.swift; sourceTree = "<group>"; };
		C09B38F02C2B84B00004444A /* LocationModle.swift */ = {isa = PBXFileReference; lastKnownFileType = sourcecode.swift; path = LocationModle.swift; sourceTree = "<group>"; };
		C09B38F22C2B84CE0004444A /* TrailerModle.swift */ = {isa = PBXFileReference; lastKnownFileType = sourcecode.swift; path = TrailerModle.swift; sourceTree = "<group>"; };
		C09B38F42C2B88D50004444A /* TrailerCellView.swift */ = {isa = PBXFileReference; lastKnownFileType = sourcecode.swift; path = TrailerCellView.swift; sourceTree = "<group>"; };
		C09C88672C2BB7230079BCB6 /* MovieCellView.swift */ = {isa = PBXFileReference; lastKnownFileType = sourcecode.swift; path = MovieCellView.swift; sourceTree = "<group>"; };
		C0C48BD82C3304EE00F817EA /* Gallery.json */ = {isa = PBXFileReference; lastKnownFileType = text.json; path = Gallery.json; sourceTree = "<group>"; };
		C0C48BDA2C3306A600F817EA /* GalleryModle.swift */ = {isa = PBXFileReference; lastKnownFileType = sourcecode.swift; path = GalleryModle.swift; sourceTree = "<group>"; };
/* End PBXFileReference section */

/* Begin PBXFrameworksBuildPhase section */
		C0338F222C29E5B500FCA1C0 /* Frameworks */ = {
			isa = PBXFrameworksBuildPhase;
			buildActionMask = 2147483647;
			files = (
			);
			runOnlyForDeploymentPostprocessing = 0;
		};
/* End PBXFrameworksBuildPhase section */

/* Begin PBXGroup section */
		C0338F1C2C29E5B500FCA1C0 = {
			isa = PBXGroup;
			children = (
				C0338F272C29E5B500FCA1C0 /* Movie */,
				C0338F262C29E5B500FCA1C0 /* Products */,
			);
			sourceTree = "<group>";
		};
		C0338F262C29E5B500FCA1C0 /* Products */ = {
			isa = PBXGroup;
			children = (
				C0338F252C29E5B500FCA1C0 /* Movie.app */,
			);
			name = Products;
			sourceTree = "<group>";
		};
		C0338F272C29E5B500FCA1C0 /* Movie */ = {
			isa = PBXGroup;
			children = (
				C09B38DD2C2B0B280004444A /* Data */,
				C09B38EB2C2B25300004444A /* Uitiltis */,
				C09B38E82C2B21790004444A /* Modles */,
				C0338F372C29E5E800FCA1C0 /* components */,
				C0338F362C29E5D700FCA1C0 /* View */,
				C0338F2E2C29E5B700FCA1C0 /* Preview Content */,
			);
			path = Movie;
			sourceTree = "<group>";
		};
		C0338F2E2C29E5B700FCA1C0 /* Preview Content */ = {
			isa = PBXGroup;
			children = (
				C04758FE2C31A65D006435D7 /* TrailerDetailedView.swift */,
				C0338F2C2C29E5B700FCA1C0 /* Assets.xcassets */,
				C0338F2F2C29E5B700FCA1C0 /* Preview Assets.xcassets */,
			);
			path = "Preview Content";
			sourceTree = "<group>";
		};
		C0338F362C29E5D700FCA1C0 /* View */ = {
			isa = PBXGroup;
			children = (
				C0338F282C29E5B500FCA1C0 /* MovieApp.swift */,
				C0338F2A2C29E5B500FCA1C0 /* MainView.swift */,
				C09B38DE2C2B15970004444A /* MovieView.swift */,
				C09B38E02C2B15BD0004444A /* TrailerView.swift */,
				C09B38E22C2B15D20004444A /* MapView.swift */,
				C09B38E42C2B15FD0004444A /* GalleryView.swift */,
				C06E29522C30BF0800E7D73B /* MovieDetailedView.swift */,
				C06BA44E2C31B5BE00D285D0 /* TrailerPlayerView.swift */,
			);
			name = View;
			sourceTree = "<group>";
		};
		C0338F372C29E5E800FCA1C0 /* components */ = {
			isa = PBXGroup;
			children = (
				C09B38E62C2B1EB20004444A /* CoverView.swift */,
				C09B38F42C2B88D50004444A /* TrailerCellView.swift */,
				C09C88672C2BB7230079BCB6 /* MovieCellView.swift */,
				C06BA4612C323C4F00D285D0 /* CinemaAnnotition.swift */,
				C04B56912C336D4900C88CDF /* Test.swift */,
			);
			name = components;
			sourceTree = "<group>";
		};
		C09B38DD2C2B0B280004444A /* Data */ = {
			isa = PBXGroup;
			children = (
				C09B38D82C2B0AFE0004444A /* covers.json */,
				C09B38D72C2B0AFE0004444A /* locations.json */,
				C09B38D52C2B0AFE0004444A /* movies.json */,
				C09B38D62C2B0AFE0004444A /* trailers.json */,
				C0C48BD82C3304EE00F817EA /* Gallery.json */,
			);
			name = Data;
			sourceTree = "<group>";
		};
		C09B38E82C2B21790004444A /* Modles */ = {
			isa = PBXGroup;
			children = (
				C09B38E92C2B24D30004444A /* CoverModle.swift */,
				C09B38EE2C2B836C0004444A /* MovieModle.swift */,
				C09B38F02C2B84B00004444A /* LocationModle.swift */,
				C09B38F22C2B84CE0004444A /* TrailerModle.swift */,
				C0C48BDA2C3306A600F817EA /* GalleryModle.swift */,
			);
			path = Modles;
			sourceTree = "<group>";
		};
		C09B38EB2C2B25300004444A /* Uitiltis */ = {
			isa = PBXGroup;
			children = (
				C09B38EC2C2B25490004444A /* Decoder.swift */,
				C06BA44C2C31B57400D285D0 /* VideoPlayer.swift */,
			);
			path = Uitiltis;
			sourceTree = "<group>";
		};
/* End PBXGroup section */

/* Begin PBXNativeTarget section */
		C0338F242C29E5B500FCA1C0 /* Movie */ = {
			isa = PBXNativeTarget;
			buildConfigurationList = C0338F332C29E5B700FCA1C0 /* Build configuration list for PBXNativeTarget "Movie" */;
			buildPhases = (
				C0338F212C29E5B500FCA1C0 /* Sources */,
				C0338F222C29E5B500FCA1C0 /* Frameworks */,
				C0338F232C29E5B500FCA1C0 /* Resources */,
			);
			buildRules = (
			);
			dependencies = (
			);
			name = Movie;
			productName = Movie;
			productReference = C0338F252C29E5B500FCA1C0 /* Movie.app */;
			productType = "com.apple.product-type.application";
		};
/* End PBXNativeTarget section */

/* Begin PBXProject section */
		C0338F1D2C29E5B500FCA1C0 /* Project object */ = {
			isa = PBXProject;
			attributes = {
				BuildIndependentTargetsInParallel = 1;
				LastSwiftUpdateCheck = 1420;
				LastUpgradeCheck = 1420;
				TargetAttributes = {
					C0338F242C29E5B500FCA1C0 = {
						CreatedOnToolsVersion = 14.2;
					};
				};
			};
			buildConfigurationList = C0338F202C29E5B500FCA1C0 /* Build configuration list for PBXProject "Movie" */;
			compatibilityVersion = "Xcode 14.0";
			developmentRegion = en;
			hasScannedForEncodings = 0;
			knownRegions = (
				en,
				Base,
			);
			mainGroup = C0338F1C2C29E5B500FCA1C0;
			productRefGroup = C0338F262C29E5B500FCA1C0 /* Products */;
			projectDirPath = "";
			projectRoot = "";
			targets = (
				C0338F242C29E5B500FCA1C0 /* Movie */,
			);
		};
/* End PBXProject section */

/* Begin PBXResourcesBuildPhase section */
		C0338F232C29E5B500FCA1C0 /* Resources */ = {
			isa = PBXResourcesBuildPhase;
			buildActionMask = 2147483647;
			files = (
				C09B38D92C2B0AFE0004444A /* movies.json in Resources */,
				C09B38DC2C2B0AFE0004444A /* covers.json in Resources */,
				C0338F302C29E5B700FCA1C0 /* Preview Assets.xcassets in Resources */,
				C09B38DB2C2B0AFE0004444A /* locations.json in Resources */,
				C0C48BD92C3304EE00F817EA /* Gallery.json in Resources */,
				C0338F2D2C29E5B700FCA1C0 /* Assets.xcassets in Resources */,
				C09B38DA2C2B0AFE0004444A /* trailers.json in Resources */,
			);
			runOnlyForDeploymentPostprocessing = 0;
		};
/* End PBXResourcesBuildPhase section */

/* Begin PBXSourcesBuildPhase section */
		C0338F212C29E5B500FCA1C0 /* Sources */ = {
			isa = PBXSourcesBuildPhase;
			buildActionMask = 2147483647;
			files = (
				C0338F2B2C29E5B500FCA1C0 /* MainView.swift in Sources */,
				C06BA44F2C31B5BE00D285D0 /* TrailerPlayerView.swift in Sources */,
				C09B38E72C2B1EB20004444A /* CoverView.swift in Sources */,
				C06E29532C30BF0800E7D73B /* MovieDetailedView.swift in Sources */,
				C06BA44D2C31B57400D285D0 /* VideoPlayer.swift in Sources */,
				C09B38E52C2B15FD0004444A /* GalleryView.swift in Sources */,
				C0C48BDB2C3306A600F817EA /* GalleryModle.swift in Sources */,
				C09C88682C2BB7230079BCB6 /* MovieCellView.swift in Sources */,
				C09B38EA2C2B24D30004444A /* CoverModle.swift in Sources */,
				C09B38EF2C2B836C0004444A /* MovieModle.swift in Sources */,
				C09B38F52C2B88D50004444A /* TrailerCellView.swift in Sources */,
				C09B38ED2C2B25490004444A /* Decoder.swift in Sources */,
				C09B38DF2C2B15970004444A /* MovieView.swift in Sources */,
				C09B38E32C2B15D20004444A /* MapView.swift in Sources */,
				C09B38E12C2B15BD0004444A /* TrailerView.swift in Sources */,
				C09B38F32C2B84CE0004444A /* TrailerModle.swift in Sources */,
				C09B38F12C2B84B00004444A /* LocationModle.swift in Sources */,
				C04B56922C336D4900C88CDF /* Test.swift in Sources */,
				C06BA4622C323C4F00D285D0 /* CinemaAnnotition.swift in Sources */,
				C04758FF2C31A65D006435D7 /* TrailerDetailedView.swift in Sources */,
				C0338F292C29E5B500FCA1C0 /* MovieApp.swift in Sources */,
			);
			runOnlyForDeploymentPostprocessing = 0;
		};
/* End PBXSourcesBuildPhase section */

/* Begin XCBuildConfiguration section */
		C0338F312C29E5B700FCA1C0 /* Debug */ = {
			isa = XCBuildConfiguration;
			buildSettings = {
				ALWAYS_SEARCH_USER_PATHS = NO;
				CLANG_ANALYZER_NONNULL = YES;
				CLANG_ANALYZER_NUMBER_OBJECT_CONVERSION = YES_AGGRESSIVE;
				CLANG_CXX_LANGUAGE_STANDARD = "gnu++20";
				CLANG_ENABLE_MODULES = YES;
				CLANG_ENABLE_OBJC_ARC = YES;
				CLANG_ENABLE_OBJC_WEAK = YES;
				CLANG_WARN_BLOCK_CAPTURE_AUTORELEASING = YES;
				CLANG_WARN_BOOL_CONVERSION = YES;
				CLANG_WARN_COMMA = YES;
				CLANG_WARN_CONSTANT_CONVERSION = YES;
				CLANG_WARN_DEPRECATED_OBJC_IMPLEMENTATIONS = YES;
				CLANG_WARN_DIRECT_OBJC_ISA_USAGE = YES_ERROR;
				CLANG_WARN_DOCUMENTATION_COMMENTS = YES;
				CLANG_WARN_EMPTY_BODY = YES;
				CLANG_WARN_ENUM_CONVERSION = YES;
				CLANG_WARN_INFINITE_RECURSION = YES;
				CLANG_WARN_INT_CONVERSION = YES;
				CLANG_WARN_NON_LITERAL_NULL_CONVERSION = YES;
				CLANG_WARN_OBJC_IMPLICIT_RETAIN_SELF = YES;
				CLANG_WARN_OBJC_LITERAL_CONVERSION = YES;
				CLANG_WARN_OBJC_ROOT_CLASS = YES_ERROR;
				CLANG_WARN_QUOTED_INCLUDE_IN_FRAMEWORK_HEADER = YES;
				CLANG_WARN_RANGE_LOOP_ANALYSIS = YES;
				CLANG_WARN_STRICT_PROTOTYPES = YES;
				CLANG_WARN_SUSPICIOUS_MOVE = YES;
				CLANG_WARN_UNGUARDED_AVAILABILITY = YES_AGGRESSIVE;
				CLANG_WARN_UNREACHABLE_CODE = YES;
				CLANG_WARN__DUPLICATE_METHOD_MATCH = YES;
				COPY_PHASE_STRIP = NO;
				DEBUG_INFORMATION_FORMAT = dwarf;
				ENABLE_STRICT_OBJC_MSGSEND = YES;
				ENABLE_TESTABILITY = YES;
				GCC_C_LANGUAGE_STANDARD = gnu11;
				GCC_DYNAMIC_NO_PIC = NO;
				GCC_NO_COMMON_BLOCKS = YES;
				GCC_OPTIMIZATION_LEVEL = 0;
				GCC_PREPROCESSOR_DEFINITIONS = (
					"DEBUG=1",
					"$(inherited)",
				);
				GCC_WARN_64_TO_32_BIT_CONVERSION = YES;
				GCC_WARN_ABOUT_RETURN_TYPE = YES_ERROR;
				GCC_WARN_UNDECLARED_SELECTOR = YES;
				GCC_WARN_UNINITIALIZED_AUTOS = YES_AGGRESSIVE;
				GCC_WARN_UNUSED_FUNCTION = YES;
				GCC_WARN_UNUSED_VARIABLE = YES;
				IPHONEOS_DEPLOYMENT_TARGET = 16.2;
				MTL_ENABLE_DEBUG_INFO = INCLUDE_SOURCE;
				MTL_FAST_MATH = YES;
				ONLY_ACTIVE_ARCH = YES;
				SDKROOT = iphoneos;
				SWIFT_ACTIVE_COMPILATION_CONDITIONS = DEBUG;
				SWIFT_OPTIMIZATION_LEVEL = "-Onone";
			};
			name = Debug;
		};
		C0338F322C29E5B700FCA1C0 /* Release */ = {
			isa = XCBuildConfiguration;
			buildSettings = {
				ALWAYS_SEARCH_USER_PATHS = NO;
				CLANG_ANALYZER_NONNULL = YES;
				CLANG_ANALYZER_NUMBER_OBJECT_CONVERSION = YES_AGGRESSIVE;
				CLANG_CXX_LANGUAGE_STANDARD = "gnu++20";
				CLANG_ENABLE_MODULES = YES;
				CLANG_ENABLE_OBJC_ARC = YES;
				CLANG_ENABLE_OBJC_WEAK = YES;
				CLANG_WARN_BLOCK_CAPTURE_AUTORELEASING = YES;
				CLANG_WARN_BOOL_CONVERSION = YES;
				CLANG_WARN_COMMA = YES;
				CLANG_WARN_CONSTANT_CONVERSION = YES;
				CLANG_WARN_DEPRECATED_OBJC_IMPLEMENTATIONS = YES;
				CLANG_WARN_DIRECT_OBJC_ISA_USAGE = YES_ERROR;
				CLANG_WARN_DOCUMENTATION_COMMENTS = YES;
				CLANG_WARN_EMPTY_BODY = YES;
				CLANG_WARN_ENUM_CONVERSION = YES;
				CLANG_WARN_INFINITE_RECURSION = YES;
				CLANG_WARN_INT_CONVERSION = YES;
				CLANG_WARN_NON_LITERAL_NULL_CONVERSION = YES;
				CLANG_WARN_OBJC_IMPLICIT_RETAIN_SELF = YES;
				CLANG_WARN_OBJC_LITERAL_CONVERSION = YES;
				CLANG_WARN_OBJC_ROOT_CLASS = YES_ERROR;
				CLANG_WARN_QUOTED_INCLUDE_IN_FRAMEWORK_HEADER = YES;
				CLANG_WARN_RANGE_LOOP_ANALYSIS = YES;
				CLANG_WARN_STRICT_PROTOTYPES = YES;
				CLANG_WARN_SUSPICIOUS_MOVE = YES;
				CLANG_WARN_UNGUARDED_AVAILABILITY = YES_AGGRESSIVE;
				CLANG_WARN_UNREACHABLE_CODE = YES;
				CLANG_WARN__DUPLICATE_METHOD_MATCH = YES;
				COPY_PHASE_STRIP = NO;
				DEBUG_INFORMATION_FORMAT = "dwarf-with-dsym";
				ENABLE_NS_ASSERTIONS = NO;
				ENABLE_STRICT_OBJC_MSGSEND = YES;
				GCC_C_LANGUAGE_STANDARD = gnu11;
				GCC_NO_COMMON_BLOCKS = YES;
				GCC_WARN_64_TO_32_BIT_CONVERSION = YES;
				GCC_WARN_ABOUT_RETURN_TYPE = YES_ERROR;
				GCC_WARN_UNDECLARED_SELECTOR = YES;
				GCC_WARN_UNINITIALIZED_AUTOS = YES_AGGRESSIVE;
				GCC_WARN_UNUSED_FUNCTION = YES;
				GCC_WARN_UNUSED_VARIABLE = YES;
				IPHONEOS_DEPLOYMENT_TARGET = 16.2;
				MTL_ENABLE_DEBUG_INFO = NO;
				MTL_FAST_MATH = YES;
				SDKROOT = iphoneos;
				SWIFT_COMPILATION_MODE = wholemodule;
				SWIFT_OPTIMIZATION_LEVEL = "-O";
				VALIDATE_PRODUCT = YES;
			};
			name = Release;
		};
		C0338F342C29E5B700FCA1C0 /* Debug */ = {
			isa = XCBuildConfiguration;
			buildSettings = {
				ASSETCATALOG_COMPILER_APPICON_NAME = AppIcon;
				ASSETCATALOG_COMPILER_GLOBAL_ACCENT_COLOR_NAME = AccentColor;
				CODE_SIGN_STYLE = Automatic;
				CURRENT_PROJECT_VERSION = 1;
				DEVELOPMENT_ASSET_PATHS = "\"Movie/Preview Content\"";
				ENABLE_PREVIEWS = YES;
				GENERATE_INFOPLIST_FILE = YES;
				INFOPLIST_KEY_UIApplicationSceneManifest_Generation = YES;
				INFOPLIST_KEY_UIApplicationSupportsIndirectInputEvents = YES;
				INFOPLIST_KEY_UILaunchScreen_Generation = YES;
				INFOPLIST_KEY_UISupportedInterfaceOrientations_iPad = "UIInterfaceOrientationPortrait UIInterfaceOrientationPortraitUpsideDown UIInterfaceOrientationLandscapeLeft UIInterfaceOrientationLandscapeRight";
				INFOPLIST_KEY_UISupportedInterfaceOrientations_iPhone = "UIInterfaceOrientationPortrait UIInterfaceOrientationLandscapeLeft UIInterfaceOrientationLandscapeRight";
				LD_RUNPATH_SEARCH_PATHS = (
					"$(inherited)",
					"@executable_path/Frameworks",
				);
				MARKETING_VERSION = 1.0;
				PRODUCT_BUNDLE_IDENTIFIER = com.gobegginer.Movie;
				PRODUCT_NAME = "$(TARGET_NAME)";
				SWIFT_EMIT_LOC_STRINGS = YES;
				SWIFT_VERSION = 5.0;
				TARGETED_DEVICE_FAMILY = "1,2";
			};
			name = Debug;
		};
		C0338F352C29E5B700FCA1C0 /* Release */ = {
			isa = XCBuildConfiguration;
			buildSettings = {
				ASSETCATALOG_COMPILER_APPICON_NAME = AppIcon;
				ASSETCATALOG_COMPILER_GLOBAL_ACCENT_COLOR_NAME = AccentColor;
				CODE_SIGN_STYLE = Automatic;
				CURRENT_PROJECT_VERSION = 1;
				DEVELOPMENT_ASSET_PATHS = "\"Movie/Preview Content\"";
				ENABLE_PREVIEWS = YES;
				GENERATE_INFOPLIST_FILE = YES;
				INFOPLIST_KEY_UIApplicationSceneManifest_Generation = YES;
				INFOPLIST_KEY_UIApplicationSupportsIndirectInputEvents = YES;
				INFOPLIST_KEY_UILaunchScreen_Generation = YES;
				INFOPLIST_KEY_UISupportedInterfaceOrientations_iPad = "UIInterfaceOrientationPortrait UIInterfaceOrientationPortraitUpsideDown UIInterfaceOrientationLandscapeLeft UIInterfaceOrientationLandscapeRight";
				INFOPLIST_KEY_UISupportedInterfaceOrientations_iPhone = "UIInterfaceOrientationPortrait UIInterfaceOrientationLandscapeLeft UIInterfaceOrientationLandscapeRight";
				LD_RUNPATH_SEARCH_PATHS = (
					"$(inherited)",
					"@executable_path/Frameworks",
				);
				MARKETING_VERSION = 1.0;
				PRODUCT_BUNDLE_IDENTIFIER = com.gobegginer.Movie;
				PRODUCT_NAME = "$(TARGET_NAME)";
				SWIFT_EMIT_LOC_STRINGS = YES;
				SWIFT_VERSION = 5.0;
				TARGETED_DEVICE_FAMILY = "1,2";
			};
			name = Release;
		};
/* End XCBuildConfiguration section */

/* Begin XCConfigurationList section */
		C0338F202C29E5B500FCA1C0 /* Build configuration list for PBXProject "Movie" */ = {
			isa = XCConfigurationList;
			buildConfigurations = (
				C0338F312C29E5B700FCA1C0 /* Debug */,
				C0338F322C29E5B700FCA1C0 /* Release */,
			);
			defaultConfigurationIsVisible = 0;
			defaultConfigurationName = Release;
		};
		C0338F332C29E5B700FCA1C0 /* Build configuration list for PBXNativeTarget "Movie" */ = {
			isa = XCConfigurationList;
			buildConfigurations = (
				C0338F342C29E5B700FCA1C0 /* Debug */,
				C0338F352C29E5B700FCA1C0 /* Release */,
			);
			defaultConfigurationIsVisible = 0;
			defaultConfigurationName = Release;
		};
/* End XCConfigurationList section */
	};
	rootObject = C0338F1D2C29E5B500FCA1C0 /* Project object */;
}
